
Microsoft Visual Studio Solution File, Format Version 12.00
# Visual Studio 15
VisualStudioVersion = 15.0.28307.438
MinimumVisualStudioVersion = 10.0.40219.1
Project("{FAE04EC0-301F-11D3-BF4B-00C04F79EFBC}") = "Laba1", "Laba1\Laba1.csproj", "{AB8E0BDF-2C62-4D9A-86E6-2489AB4AD003}"
EndProject
Project("{FAE04EC0-301F-11D3-BF4B-00C04F79EFBC}") = "Laba2", "Laba2\Laba2.csproj", "{02B3665E-DE78-4528-AFAC-B58A7EC4FD47}"
EndProject
Global
	GlobalSection(SolutionConfigurationPlatforms) = preSolution
		Debug|Any CPU = Debug|Any CPU
		Release|Any CPU = Release|Any CPU
	EndGlobalSection
	GlobalSection(ProjectConfigurationPlatforms) = postSolution
		{AB8E0BDF-2C62-4D9A-86E6-2489AB4AD003}.Debug|Any CPU.ActiveCfg = Debug|Any CPU
		{AB8E0BDF-2C62-4D9A-86E6-2489AB4AD003}.Debug|Any CPU.Build.0 = Debug|Any CPU
		{AB8E0BDF-2C62-4D9A-86E6-2489AB4AD003}.Release|Any CPU.ActiveCfg = Release|Any CPU
		{AB8E0BDF-2C62-4D9A-86E6-2489AB4AD003}.Release|Any CPU.Build.0 = Release|Any CPU
		{02B3665E-DE78-4528-AFAC-B58A7EC4FD47}.Debug|Any CPU.ActiveCfg = Debug|Any CPU
		{02B3665E-DE78-4528-AFAC-B58A7EC4FD47}.Debug|Any CPU.Build.0 = Debug|Any CPU
		{02B3665E-DE78-4528-AFAC-B58A7EC4FD47}.Release|Any CPU.ActiveCfg = Release|Any CPU
		{02B3665E-DE78-4528-AFAC-B58A7EC4FD47}.Release|Any CPU.Build.0 = Release|Any CPU
	EndGlobalSection
	GlobalSection(SolutionProperties) = preSolution
		HideSolutionNode = FALSE
	EndGlobalSection
	GlobalSection(ExtensibilityGlobals) = postSolution
		SolutionGuid = {56733475-D321-4E74-AF77-FDEB80CE7D35}
	EndGlobalSection
EndGlobal
